
Microsoft Visual Studio Solution File, Format Version 12.00
# Visual Studio Version 17
VisualStudioVersion = 17.1.32421.90
MinimumVisualStudioVersion = 10.0.40219.1
Project("{9A19103F-16F7-4668-BE54-9A1E7A4F7556}") = "DataAccess", "DataAccess\DataAccess.csproj", "{BDAD6216-2C87-4220-94BE-A9539B14B0FD}"
EndProject
Project("{FAE04EC0-301F-11D3-BF4B-00C04F79EFBC}") = "BackendServerAPI", "BackendServerAPI\BackendServerAPI.csproj", "{1A560220-A48B-417D-9C9D-C48BEA1AD816}"
EndProject
Project("{FAE04EC0-301F-11D3-BF4B-00C04F79EFBC}") = "DataRepositoryInterface", "DataRepositoryInterface\DataRepositoryInterface.csproj", "{39AD455E-0F48-43EB-BD84-51CCABBFBB56}"
EndProject
Global
	GlobalSection(SolutionConfigurationPlatforms) = preSolution
		Debug|Any CPU = Debug|Any CPU
		Release|Any CPU = Release|Any CPU
	EndGlobalSection
	GlobalSection(ProjectConfigurationPlatforms) = postSolution
		{BDAD6216-2C87-4220-94BE-A9539B14B0FD}.Debug|Any CPU.ActiveCfg = Debug|Any CPU
		{BDAD6216-2C87-4220-94BE-A9539B14B0FD}.Debug|Any CPU.Build.0 = Debug|Any CPU
		{BDAD6216-2C87-4220-94BE-A9539B14B0FD}.Release|Any CPU.ActiveCfg = Release|Any CPU
		{BDAD6216-2C87-4220-94BE-A9539B14B0FD}.Release|Any CPU.Build.0 = Release|Any CPU
		{1A560220-A48B-417D-9C9D-C48BEA1AD816}.Debug|Any CPU.ActiveCfg = Debug|Any CPU
		{1A560220-A48B-417D-9C9D-C48BEA1AD816}.Debug|Any CPU.Build.0 = Debug|Any CPU
		{1A560220-A48B-417D-9C9D-C48BEA1AD816}.Release|Any CPU.ActiveCfg = Release|Any CPU
		{1A560220-A48B-417D-9C9D-C48BEA1AD816}.Release|Any CPU.Build.0 = Release|Any CPU
		{39AD455E-0F48-43EB-BD84-51CCABBFBB56}.Debug|Any CPU.ActiveCfg = Debug|Any CPU
		{39AD455E-0F48-43EB-BD84-51CCABBFBB56}.Debug|Any CPU.Build.0 = Debug|Any CPU
		{39AD455E-0F48-43EB-BD84-51CCABBFBB56}.Release|Any CPU.ActiveCfg = Release|Any CPU
		{39AD455E-0F48-43EB-BD84-51CCABBFBB56}.Release|Any CPU.Build.0 = Release|Any CPU
	EndGlobalSection
	GlobalSection(SolutionProperties) = preSolution
		HideSolutionNode = FALSE
	EndGlobalSection
	GlobalSection(ExtensibilityGlobals) = postSolution
		SolutionGuid = {FE30B9A5-0F55-4868-947E-4FB13BD0FBEF}
	EndGlobalSection
EndGlobal
