
Microsoft Visual Studio Solution File, Format Version 12.00
# Visual Studio Version 17
VisualStudioVersion = 17.1.32421.90
MinimumVisualStudioVersion = 10.0.40219.1
Project("{9A19103F-16F7-4668-BE54-9A1E7A4F7556}") = "CommercialWebSite.Data", "CommercialWebSite.Data\CommercialWebSite.Data.csproj", "{DD9C8420-55DA-4358-BF2E-97BE20810C42}"
EndProject
Project("{9A19103F-16F7-4668-BE54-9A1E7A4F7556}") = "CommercialWebSite.DataRepositoryInterface", "CommercialWebSite.DataRepositoryInterface\CommercialWebSite.DataRepositoryInterface.csproj", "{FB3F9283-3C49-43DC-AD22-E4BA84D20815}"
EndProject
Project("{9A19103F-16F7-4668-BE54-9A1E7A4F7556}") = "CommercialWebSite.ShareDTO", "CommercialWebSite.ShareDTO\CommercialWebSite.ShareDTO.csproj", "{37F7A78A-3287-4240-974F-0FF07F848B23}"
EndProject
Project("{9A19103F-16F7-4668-BE54-9A1E7A4F7556}") = "CommercialWebSite.Client", "CommercialWebSite.Client\CommercialWebSite.Client.csproj", "{B2F91CE7-A14C-4B67-8CA5-C5FA5AB538E3}"
EndProject
Project("{9A19103F-16F7-4668-BE54-9A1E7A4F7556}") = "CommercialWebSite.API", "CommercialWebSite.Api\CommercialWebSite.API.csproj", "{CA1A0E96-B93F-4F9C-804E-09EFC067E150}"
EndProject
Project("{9A19103F-16F7-4668-BE54-9A1E7A4F7556}") = "CommercialWebSite.APITestUnitTest", "CommercialWebSite.APITestUnitTest\CommercialWebSite.APITestUnitTest.csproj", "{CEA53635-D428-4665-9DE2-4C3FB46F96FB}"
EndProject
Global
	GlobalSection(SolutionConfigurationPlatforms) = preSolution
		Debug|Any CPU = Debug|Any CPU
		Release|Any CPU = Release|Any CPU
	EndGlobalSection
	GlobalSection(ProjectConfigurationPlatforms) = postSolution
		{DD9C8420-55DA-4358-BF2E-97BE20810C42}.Debug|Any CPU.ActiveCfg = Debug|Any CPU
		{DD9C8420-55DA-4358-BF2E-97BE20810C42}.Debug|Any CPU.Build.0 = Debug|Any CPU
		{DD9C8420-55DA-4358-BF2E-97BE20810C42}.Release|Any CPU.ActiveCfg = Release|Any CPU
		{DD9C8420-55DA-4358-BF2E-97BE20810C42}.Release|Any CPU.Build.0 = Release|Any CPU
		{FB3F9283-3C49-43DC-AD22-E4BA84D20815}.Debug|Any CPU.ActiveCfg = Debug|Any CPU
		{FB3F9283-3C49-43DC-AD22-E4BA84D20815}.Debug|Any CPU.Build.0 = Debug|Any CPU
		{FB3F9283-3C49-43DC-AD22-E4BA84D20815}.Release|Any CPU.ActiveCfg = Release|Any CPU
		{FB3F9283-3C49-43DC-AD22-E4BA84D20815}.Release|Any CPU.Build.0 = Release|Any CPU
		{37F7A78A-3287-4240-974F-0FF07F848B23}.Debug|Any CPU.ActiveCfg = Debug|Any CPU
		{37F7A78A-3287-4240-974F-0FF07F848B23}.Debug|Any CPU.Build.0 = Debug|Any CPU
		{37F7A78A-3287-4240-974F-0FF07F848B23}.Release|Any CPU.ActiveCfg = Release|Any CPU
		{37F7A78A-3287-4240-974F-0FF07F848B23}.Release|Any CPU.Build.0 = Release|Any CPU
		{B2F91CE7-A14C-4B67-8CA5-C5FA5AB538E3}.Debug|Any CPU.ActiveCfg = Debug|Any CPU
		{B2F91CE7-A14C-4B67-8CA5-C5FA5AB538E3}.Debug|Any CPU.Build.0 = Debug|Any CPU
		{B2F91CE7-A14C-4B67-8CA5-C5FA5AB538E3}.Release|Any CPU.ActiveCfg = Release|Any CPU
		{B2F91CE7-A14C-4B67-8CA5-C5FA5AB538E3}.Release|Any CPU.Build.0 = Release|Any CPU
		{CA1A0E96-B93F-4F9C-804E-09EFC067E150}.Debug|Any CPU.ActiveCfg = Debug|Any CPU
		{CA1A0E96-B93F-4F9C-804E-09EFC067E150}.Debug|Any CPU.Build.0 = Debug|Any CPU
		{CA1A0E96-B93F-4F9C-804E-09EFC067E150}.Release|Any CPU.ActiveCfg = Release|Any CPU
		{CA1A0E96-B93F-4F9C-804E-09EFC067E150}.Release|Any CPU.Build.0 = Release|Any CPU
		{CEA53635-D428-4665-9DE2-4C3FB46F96FB}.Debug|Any CPU.ActiveCfg = Debug|Any CPU
		{CEA53635-D428-4665-9DE2-4C3FB46F96FB}.Debug|Any CPU.Build.0 = Debug|Any CPU
		{CEA53635-D428-4665-9DE2-4C3FB46F96FB}.Release|Any CPU.ActiveCfg = Release|Any CPU
		{CEA53635-D428-4665-9DE2-4C3FB46F96FB}.Release|Any CPU.Build.0 = Release|Any CPU
	EndGlobalSection
	GlobalSection(SolutionProperties) = preSolution
		HideSolutionNode = FALSE
	EndGlobalSection
	GlobalSection(ExtensibilityGlobals) = postSolution
		SolutionGuid = {FE30B9A5-0F55-4868-947E-4FB13BD0FBEF}
	EndGlobalSection
EndGlobal
